
Microsoft Visual Studio Solution File, Format Version 12.00
# Visual Studio 14
VisualStudioVersion = 14.0.25420.1
MinimumVisualStudioVersion = 10.0.40219.1
Project("{FAE04EC0-301F-11D3-BF4B-00C04F79EFBC}") = "CRSAlertViewSample", "CRSAlertViewSample-iOS\CRSAlertViewSample.csproj", "{33280E8B-06FF-4245-B4AF-FEFD81B965EC}"
EndProject
Project("{FAE04EC0-301F-11D3-BF4B-00C04F79EFBC}") = "CRSAlertView", "..\..\..\src\CRSAlertView\CRSAlertView.csproj", "{1A42448A-98E5-498E-94B2-F95C03A88755}"
EndProject
Global
	GlobalSection(SolutionConfigurationPlatforms) = preSolution
		Debug|Any CPU = Debug|Any CPU
		Debug|iPhone = Debug|iPhone
		Debug|iPhoneSimulator = Debug|iPhoneSimulator
		Release|Any CPU = Release|Any CPU
		Release|iPhone = Release|iPhone
		Release|iPhoneSimulator = Release|iPhoneSimulator
	EndGlobalSection
	GlobalSection(ProjectConfigurationPlatforms) = postSolution
		{33280E8B-06FF-4245-B4AF-FEFD81B965EC}.Debug|Any CPU.ActiveCfg = Debug|iPhoneSimulator
		{33280E8B-06FF-4245-B4AF-FEFD81B965EC}.Debug|iPhone.ActiveCfg = Debug|iPhone
		{33280E8B-06FF-4245-B4AF-FEFD81B965EC}.Debug|iPhone.Build.0 = Debug|iPhone
		{33280E8B-06FF-4245-B4AF-FEFD81B965EC}.Debug|iPhoneSimulator.ActiveCfg = Debug|iPhoneSimulator
		{33280E8B-06FF-4245-B4AF-FEFD81B965EC}.Debug|iPhoneSimulator.Build.0 = Debug|iPhoneSimulator
		{33280E8B-06FF-4245-B4AF-FEFD81B965EC}.Release|Any CPU.ActiveCfg = Release|iPhoneSimulator
		{33280E8B-06FF-4245-B4AF-FEFD81B965EC}.Release|iPhone.ActiveCfg = Release|iPhone
		{33280E8B-06FF-4245-B4AF-FEFD81B965EC}.Release|iPhone.Build.0 = Release|iPhone
		{33280E8B-06FF-4245-B4AF-FEFD81B965EC}.Release|iPhoneSimulator.ActiveCfg = Release|iPhoneSimulator
		{33280E8B-06FF-4245-B4AF-FEFD81B965EC}.Release|iPhoneSimulator.Build.0 = Release|iPhoneSimulator
		{1A42448A-98E5-498E-94B2-F95C03A88755}.Debug|Any CPU.ActiveCfg = Debug|Any CPU
		{1A42448A-98E5-498E-94B2-F95C03A88755}.Debug|Any CPU.Build.0 = Debug|Any CPU
		{1A42448A-98E5-498E-94B2-F95C03A88755}.Debug|iPhone.ActiveCfg = Debug|Any CPU
		{1A42448A-98E5-498E-94B2-F95C03A88755}.Debug|iPhone.Build.0 = Debug|Any CPU
		{1A42448A-98E5-498E-94B2-F95C03A88755}.Debug|iPhoneSimulator.ActiveCfg = Debug|Any CPU
		{1A42448A-98E5-498E-94B2-F95C03A88755}.Debug|iPhoneSimulator.Build.0 = Debug|Any CPU
		{1A42448A-98E5-498E-94B2-F95C03A88755}.Release|Any CPU.ActiveCfg = Release|Any CPU
		{1A42448A-98E5-498E-94B2-F95C03A88755}.Release|Any CPU.Build.0 = Release|Any CPU
		{1A42448A-98E5-498E-94B2-F95C03A88755}.Release|iPhone.ActiveCfg = Release|Any CPU
		{1A42448A-98E5-498E-94B2-F95C03A88755}.Release|iPhone.Build.0 = Release|Any CPU
		{1A42448A-98E5-498E-94B2-F95C03A88755}.Release|iPhoneSimulator.ActiveCfg = Release|Any CPU
		{1A42448A-98E5-498E-94B2-F95C03A88755}.Release|iPhoneSimulator.Build.0 = Release|Any CPU
	EndGlobalSection
	GlobalSection(SolutionProperties) = preSolution
		HideSolutionNode = FALSE
	EndGlobalSection
EndGlobal
