
Microsoft Visual Studio Solution File, Format Version 12.00
# Visual Studio 2012
Project("{FAE04EC0-301F-11D3-BF4B-00C04F79EFBC}") = "CRSAlertView", "CRSAlertView\CRSAlertView.csproj", "{1A42448A-98E5-498E-94B2-F95C03A88755}"
EndProject
Project("{FAE04EC0-301F-11D3-BF4B-00C04F79EFBC}") = "CRSAlertViewSample", "CRSAlertViewSample\CRSAlertViewSample.csproj", "{8EF26C38-5A71-4AC1-8073-5FB0407D5AE2}"
EndProject
Global
	GlobalSection(SolutionConfigurationPlatforms) = preSolution
		Debug|Any CPU = Debug|Any CPU
		Release|Any CPU = Release|Any CPU
		Debug|iPhoneSimulator = Debug|iPhoneSimulator
		Release|iPhone = Release|iPhone
		Release|iPhoneSimulator = Release|iPhoneSimulator
		Debug|iPhone = Debug|iPhone
	EndGlobalSection
	GlobalSection(ProjectConfigurationPlatforms) = postSolution
		{1A42448A-98E5-498E-94B2-F95C03A88755}.Debug|Any CPU.ActiveCfg = Debug|Any CPU
		{1A42448A-98E5-498E-94B2-F95C03A88755}.Debug|Any CPU.Build.0 = Debug|Any CPU
		{1A42448A-98E5-498E-94B2-F95C03A88755}.Debug|iPhone.ActiveCfg = Debug|Any CPU
		{1A42448A-98E5-498E-94B2-F95C03A88755}.Debug|iPhone.Build.0 = Debug|Any CPU
		{1A42448A-98E5-498E-94B2-F95C03A88755}.Debug|iPhoneSimulator.ActiveCfg = Debug|Any CPU
		{1A42448A-98E5-498E-94B2-F95C03A88755}.Debug|iPhoneSimulator.Build.0 = Debug|Any CPU
		{1A42448A-98E5-498E-94B2-F95C03A88755}.Release|Any CPU.ActiveCfg = Release|Any CPU
		{1A42448A-98E5-498E-94B2-F95C03A88755}.Release|Any CPU.Build.0 = Release|Any CPU
		{1A42448A-98E5-498E-94B2-F95C03A88755}.Release|iPhone.ActiveCfg = Release|Any CPU
		{1A42448A-98E5-498E-94B2-F95C03A88755}.Release|iPhone.Build.0 = Release|Any CPU
		{1A42448A-98E5-498E-94B2-F95C03A88755}.Release|iPhoneSimulator.ActiveCfg = Release|Any CPU
		{1A42448A-98E5-498E-94B2-F95C03A88755}.Release|iPhoneSimulator.Build.0 = Release|Any CPU
		{8EF26C38-5A71-4AC1-8073-5FB0407D5AE2}.Debug|Any CPU.ActiveCfg = Debug|iPhoneSimulator
		{8EF26C38-5A71-4AC1-8073-5FB0407D5AE2}.Debug|Any CPU.Build.0 = Debug|iPhoneSimulator
		{8EF26C38-5A71-4AC1-8073-5FB0407D5AE2}.Debug|iPhone.ActiveCfg = Debug|iPhone
		{8EF26C38-5A71-4AC1-8073-5FB0407D5AE2}.Debug|iPhone.Build.0 = Debug|iPhone
		{8EF26C38-5A71-4AC1-8073-5FB0407D5AE2}.Debug|iPhoneSimulator.ActiveCfg = Debug|iPhoneSimulator
		{8EF26C38-5A71-4AC1-8073-5FB0407D5AE2}.Debug|iPhoneSimulator.Build.0 = Debug|iPhoneSimulator
		{8EF26C38-5A71-4AC1-8073-5FB0407D5AE2}.Release|Any CPU.ActiveCfg = Release|iPhone
		{8EF26C38-5A71-4AC1-8073-5FB0407D5AE2}.Release|Any CPU.Build.0 = Release|iPhone
		{8EF26C38-5A71-4AC1-8073-5FB0407D5AE2}.Release|iPhone.ActiveCfg = Release|iPhone
		{8EF26C38-5A71-4AC1-8073-5FB0407D5AE2}.Release|iPhone.Build.0 = Release|iPhone
		{8EF26C38-5A71-4AC1-8073-5FB0407D5AE2}.Release|iPhoneSimulator.ActiveCfg = Release|iPhoneSimulator
		{8EF26C38-5A71-4AC1-8073-5FB0407D5AE2}.Release|iPhoneSimulator.Build.0 = Release|iPhoneSimulator
	EndGlobalSection
EndGlobal
